
Microsoft Visual Studio Solution File, Format Version 12.00
# Visual Studio 14
VisualStudioVersion = 14.0.23107.0
MinimumVisualStudioVersion = 10.0.40219.1
Project("{FAE04EC0-301F-11D3-BF4B-00C04F79EFBC}") = "Walk", "Walk\Walk.csproj", "{B0FE8E6F-D309-4DA8-B820-B9021AC4DE83}"
EndProject
Project("{FAE04EC0-301F-11D3-BF4B-00C04F79EFBC}") = "Walk.Tests", "Walk.Tests\Walk.Tests.csproj", "{D0433016-5B78-4790-A06D-0B0CF42FC64E}"
EndProject
Global
	GlobalSection(SolutionConfigurationPlatforms) = preSolution
		Debug|Any CPU = Debug|Any CPU
		Release|Any CPU = Release|Any CPU
	EndGlobalSection
	GlobalSection(ProjectConfigurationPlatforms) = postSolution
		{B0FE8E6F-D309-4DA8-B820-B9021AC4DE83}.Debug|Any CPU.ActiveCfg = Debug|Any CPU
		{B0FE8E6F-D309-4DA8-B820-B9021AC4DE83}.Debug|Any CPU.Build.0 = Debug|Any CPU
		{B0FE8E6F-D309-4DA8-B820-B9021AC4DE83}.Release|Any CPU.ActiveCfg = Release|Any CPU
		{B0FE8E6F-D309-4DA8-B820-B9021AC4DE83}.Release|Any CPU.Build.0 = Release|Any CPU
		{D0433016-5B78-4790-A06D-0B0CF42FC64E}.Debug|Any CPU.ActiveCfg = Debug|Any CPU
		{D0433016-5B78-4790-A06D-0B0CF42FC64E}.Debug|Any CPU.Build.0 = Debug|Any CPU
		{D0433016-5B78-4790-A06D-0B0CF42FC64E}.Release|Any CPU.ActiveCfg = Release|Any CPU
		{D0433016-5B78-4790-A06D-0B0CF42FC64E}.Release|Any CPU.Build.0 = Release|Any CPU
	EndGlobalSection
	GlobalSection(SolutionProperties) = preSolution
		HideSolutionNode = FALSE
	EndGlobalSection
EndGlobal
